// !$*UTF8*$!
{
	archiveVersion = 1;
	classes = {
	};
	objectVersion = 50;
	objects = {

/* Begin PBXBuildFile section */
		5B26E4F022AFAC140090EDC0 /* Assets.xcassets in Resources */ = {isa = PBXBuildFile; fileRef = 5B26E4EF22AFAC140090EDC0 /* Assets.xcassets */; };
		5B26E4F222AFB2BE0090EDC0 /* SortingVariations.swift in Sources */ = {isa = PBXBuildFile; fileRef = 5B26E4F122AFB2BE0090EDC0 /* SortingVariations.swift */; };
		5B26E4F422AFD0470090EDC0 /* StorageManager.swift in Sources */ = {isa = PBXBuildFile; fileRef = 5B26E4F322AFD0470090EDC0 /* StorageManager.swift */; };
		5B3F7BB722A56EF90082195F /* AppDelegate.swift in Sources */ = {isa = PBXBuildFile; fileRef = 5B3F7BB622A56EF90082195F /* AppDelegate.swift */; };
		5B3F7BB922A56EF90082195F /* MainViewController.swift in Sources */ = {isa = PBXBuildFile; fileRef = 5B3F7BB822A56EF90082195F /* MainViewController.swift */; };
		5B3F7BBC22A56EF90082195F /* Main.storyboard in Resources */ = {isa = PBXBuildFile; fileRef = 5B3F7BBA22A56EF90082195F /* Main.storyboard */; };
		5B3F7BC122A56EFD0082195F /* LaunchScreen.storyboard in Resources */ = {isa = PBXBuildFile; fileRef = 5B3F7BBF22A56EFD0082195F /* LaunchScreen.storyboard */; };
		5BA0CEAA22A96EEC0089E250 /* AboutTableViewController.swift in Sources */ = {isa = PBXBuildFile; fileRef = 5BA0CEA922A96EEC0089E250 /* AboutTableViewController.swift */; };
		5BA0CEAC22A989160089E250 /* LinksList.swift in Sources */ = {isa = PBXBuildFile; fileRef = 5BA0CEAB22A989160089E250 /* LinksList.swift */; };
		5BBFFCF322A6C72800D04E57 /* CarouselCollectionViewCell.swift in Sources */ = {isa = PBXBuildFile; fileRef = 5BBFFCF222A6C72800D04E57 /* CarouselCollectionViewCell.swift */; };
		5BBFFCF522A6D6E200D04E57 /* NewsImage.swift in Sources */ = {isa = PBXBuildFile; fileRef = 5BBFFCF422A6D6E200D04E57 /* NewsImage.swift */; };
		5BE165A022ABCAC900B91480 /* Constants.swift in Sources */ = {isa = PBXBuildFile; fileRef = 5BE1659F22ABCAC900B91480 /* Constants.swift */; };
		5BE165A522ABF30B00B91480 /* CategoryTableViewController.swift in Sources */ = {isa = PBXBuildFile; fileRef = 5BE165A422ABF30B00B91480 /* CategoryTableViewController.swift */; };
		5BE165A722ABF4DB00B91480 /* Category.swift in Sources */ = {isa = PBXBuildFile; fileRef = 5BE165A622ABF4DB00B91480 /* Category.swift */; };
		5BE165A922AC236600B91480 /* CategoryTableViewCell.swift in Sources */ = {isa = PBXBuildFile; fileRef = 5BE165A822AC236600B91480 /* CategoryTableViewCell.swift */; };
		5BE165AC22AC2DE300B91480 /* CellManager.swift in Sources */ = {isa = PBXBuildFile; fileRef = 5BE165AB22AC2DE300B91480 /* CellManager.swift */; };
		5BE5785622A6C4A600779FC8 /* CarouselCollectionView.swift in Sources */ = {isa = PBXBuildFile; fileRef = 5BE5785522A6C4A600779FC8 /* CarouselCollectionView.swift */; };
		5BE8B03922AE563E00709B8C /* ProductViewController.swift in Sources */ = {isa = PBXBuildFile; fileRef = 5BE8B03822AE563E00709B8C /* ProductViewController.swift */; };
		5BE8B03B22AE598D00709B8C /* ProductCollectionViewCell.swift in Sources */ = {isa = PBXBuildFile; fileRef = 5BE8B03A22AE598D00709B8C /* ProductCollectionViewCell.swift */; };
		5BE8B03D22AE5D7A00709B8C /* Product.swift in Sources */ = {isa = PBXBuildFile; fileRef = 5BE8B03C22AE5D7A00709B8C /* Product.swift */; };
		5BED08ED22B249BC00741426 /* ProductDetailViewController.swift in Sources */ = {isa = PBXBuildFile; fileRef = 5BED08EC22B249BC00741426 /* ProductDetailViewController.swift */; };
		5BED08EF22B26EAA00741426 /* ImagePageControl.swift in Sources */ = {isa = PBXBuildFile; fileRef = 5BED08EE22B26EAA00741426 /* ImagePageControl.swift */; };
		5D126923A6303F9C9A7688A4 /* Pods_RD_Application.framework in Frameworks */ = {isa = PBXBuildFile; fileRef = B8B870370D70A38053AEEFC8 /* Pods_RD_Application.framework */; };
/* End PBXBuildFile section */

/* Begin PBXFileReference section */
		3AF339D9AD843B398594F46C /* Pods-RD Application.release.xcconfig */ = {isa = PBXFileReference; includeInIndex = 1; lastKnownFileType = text.xcconfig; name = "Pods-RD Application.release.xcconfig"; path = "Target Support Files/Pods-RD Application/Pods-RD Application.release.xcconfig"; sourceTree = "<group>"; };
		5B26E4EF22AFAC140090EDC0 /* Assets.xcassets */ = {isa = PBXFileReference; lastKnownFileType = folder.assetcatalog; path = Assets.xcassets; sourceTree = "<group>"; };
		5B26E4F122AFB2BE0090EDC0 /* SortingVariations.swift */ = {isa = PBXFileReference; lastKnownFileType = sourcecode.swift; path = SortingVariations.swift; sourceTree = "<group>"; };
		5B26E4F322AFD0470090EDC0 /* StorageManager.swift */ = {isa = PBXFileReference; lastKnownFileType = sourcecode.swift; path = StorageManager.swift; sourceTree = "<group>"; };
		5B3F7BB322A56EF90082195F /* RD Application.app */ = {isa = PBXFileReference; explicitFileType = wrapper.application; includeInIndex = 0; path = "RD Application.app"; sourceTree = BUILT_PRODUCTS_DIR; };
		5B3F7BB622A56EF90082195F /* AppDelegate.swift */ = {isa = PBXFileReference; lastKnownFileType = sourcecode.swift; path = AppDelegate.swift; sourceTree = "<group>"; };
		5B3F7BB822A56EF90082195F /* MainViewController.swift */ = {isa = PBXFileReference; lastKnownFileType = sourcecode.swift; path = MainViewController.swift; sourceTree = "<group>"; };
		5B3F7BBB22A56EF90082195F /* Base */ = {isa = PBXFileReference; lastKnownFileType = file.storyboard; name = Base; path = Base.lproj/Main.storyboard; sourceTree = "<group>"; };
		5B3F7BC022A56EFD0082195F /* Base */ = {isa = PBXFileReference; lastKnownFileType = file.storyboard; name = Base; path = Base.lproj/LaunchScreen.storyboard; sourceTree = "<group>"; };
		5B3F7BC222A56EFD0082195F /* Info.plist */ = {isa = PBXFileReference; lastKnownFileType = text.plist.xml; path = Info.plist; sourceTree = "<group>"; };
		5BA0CEA922A96EEC0089E250 /* AboutTableViewController.swift */ = {isa = PBXFileReference; lastKnownFileType = sourcecode.swift; name = AboutTableViewController.swift; path = "RD Application/Controller/AboutTableViewController.swift"; sourceTree = SOURCE_ROOT; };
		5BA0CEAB22A989160089E250 /* LinksList.swift */ = {isa = PBXFileReference; lastKnownFileType = sourcecode.swift; path = LinksList.swift; sourceTree = "<group>"; };
		5BBFFCF222A6C72800D04E57 /* CarouselCollectionViewCell.swift */ = {isa = PBXFileReference; lastKnownFileType = sourcecode.swift; path = CarouselCollectionViewCell.swift; sourceTree = "<group>"; };
		5BBFFCF422A6D6E200D04E57 /* NewsImage.swift */ = {isa = PBXFileReference; lastKnownFileType = sourcecode.swift; path = NewsImage.swift; sourceTree = "<group>"; };
		5BE1659F22ABCAC900B91480 /* Constants.swift */ = {isa = PBXFileReference; lastKnownFileType = sourcecode.swift; path = Constants.swift; sourceTree = "<group>"; };
		5BE165A422ABF30B00B91480 /* CategoryTableViewController.swift */ = {isa = PBXFileReference; lastKnownFileType = sourcecode.swift; path = CategoryTableViewController.swift; sourceTree = "<group>"; };
		5BE165A622ABF4DB00B91480 /* Category.swift */ = {isa = PBXFileReference; lastKnownFileType = sourcecode.swift; path = Category.swift; sourceTree = "<group>"; };
		5BE165A822AC236600B91480 /* CategoryTableViewCell.swift */ = {isa = PBXFileReference; lastKnownFileType = sourcecode.swift; path = CategoryTableViewCell.swift; sourceTree = "<group>"; };
		5BE165AB22AC2DE300B91480 /* CellManager.swift */ = {isa = PBXFileReference; lastKnownFileType = sourcecode.swift; path = CellManager.swift; sourceTree = "<group>"; };
		5BE5785522A6C4A600779FC8 /* CarouselCollectionView.swift */ = {isa = PBXFileReference; lastKnownFileType = sourcecode.swift; path = CarouselCollectionView.swift; sourceTree = "<group>"; };
		5BE8B03822AE563E00709B8C /* ProductViewController.swift */ = {isa = PBXFileReference; lastKnownFileType = sourcecode.swift; path = ProductViewController.swift; sourceTree = "<group>"; };
		5BE8B03A22AE598D00709B8C /* ProductCollectionViewCell.swift */ = {isa = PBXFileReference; lastKnownFileType = sourcecode.swift; path = ProductCollectionViewCell.swift; sourceTree = "<group>"; };
		5BE8B03C22AE5D7A00709B8C /* Product.swift */ = {isa = PBXFileReference; lastKnownFileType = sourcecode.swift; path = Product.swift; sourceTree = "<group>"; };
		5BED08EC22B249BC00741426 /* ProductDetailViewController.swift */ = {isa = PBXFileReference; lastKnownFileType = sourcecode.swift; path = ProductDetailViewController.swift; sourceTree = "<group>"; };
		5BED08EE22B26EAA00741426 /* ImagePageControl.swift */ = {isa = PBXFileReference; lastKnownFileType = sourcecode.swift; path = ImagePageControl.swift; sourceTree = "<group>"; };
		866DC3F627D61D120FF79724 /* Pods-RD Application.debug.xcconfig */ = {isa = PBXFileReference; includeInIndex = 1; lastKnownFileType = text.xcconfig; name = "Pods-RD Application.debug.xcconfig"; path = "Target Support Files/Pods-RD Application/Pods-RD Application.debug.xcconfig"; sourceTree = "<group>"; };
		B8B870370D70A38053AEEFC8 /* Pods_RD_Application.framework */ = {isa = PBXFileReference; explicitFileType = wrapper.framework; includeInIndex = 0; path = Pods_RD_Application.framework; sourceTree = BUILT_PRODUCTS_DIR; };
/* End PBXFileReference section */

/* Begin PBXFrameworksBuildPhase section */
		5B3F7BB022A56EF90082195F /* Frameworks */ = {
			isa = PBXFrameworksBuildPhase;
			buildActionMask = 2147483647;
			files = (
				5D126923A6303F9C9A7688A4 /* Pods_RD_Application.framework in Frameworks */,
			);
			runOnlyForDeploymentPostprocessing = 0;
		};
/* End PBXFrameworksBuildPhase section */

/* Begin PBXGroup section */
		5B3F7BAA22A56EF90082195F = {
			isa = PBXGroup;
			children = (
				5B3F7BB522A56EF90082195F /* RD Application */,
				5B3F7BB422A56EF90082195F /* Products */,
				5BE165A122ABE25B00B91480 /* Frameworks */,
				D265045BFED3E0E9948B2455 /* Pods */,
			);
			sourceTree = "<group>";
		};
		5B3F7BB422A56EF90082195F /* Products */ = {
			isa = PBXGroup;
			children = (
				5B3F7BB322A56EF90082195F /* RD Application.app */,
			);
			name = Products;
			sourceTree = "<group>";
		};
		5B3F7BB522A56EF90082195F /* RD Application */ = {
			isa = PBXGroup;
			children = (
				5BE5785322A6BF0A00779FC8 /* App */,
				5BE5785222A6BEF100779FC8 /* Controller */,
				5BE165AA22AC2DCC00B91480 /* Managers */,
				5BBFFCF622A6D6E900D04E57 /* Model */,
				5BE2DFD622AABDB300A73ED5 /* Resources */,
				5B57BCD622A9405F006F04D8 /* Storyboards */,
				5BE5785422A6BF3300779FC8 /* View */,
			);
			path = "RD Application";
			sourceTree = "<group>";
		};
		5B57BCD622A9405F006F04D8 /* Storyboards */ = {
			isa = PBXGroup;
			children = (
				5B3F7BBA22A56EF90082195F /* Main.storyboard */,
				5B3F7BBF22A56EFD0082195F /* LaunchScreen.storyboard */,
			);
			path = Storyboards;
			sourceTree = "<group>";
		};
		5BBFFCF622A6D6E900D04E57 /* Model */ = {
			isa = PBXGroup;
			children = (
				5BE165A622ABF4DB00B91480 /* Category.swift */,
				5BE1659F22ABCAC900B91480 /* Constants.swift */,
				5BA0CEAB22A989160089E250 /* LinksList.swift */,
				5BBFFCF422A6D6E200D04E57 /* NewsImage.swift */,
				5BE8B03C22AE5D7A00709B8C /* Product.swift */,
				5B26E4F122AFB2BE0090EDC0 /* SortingVariations.swift */,
			);
			path = Model;
			sourceTree = "<group>";
		};
		5BE165A122ABE25B00B91480 /* Frameworks */ = {
			isa = PBXGroup;
			children = (
				B8B870370D70A38053AEEFC8 /* Pods_RD_Application.framework */,
			);
			name = Frameworks;
			sourceTree = "<group>";
		};
		5BE165AA22AC2DCC00B91480 /* Managers */ = {
			isa = PBXGroup;
			children = (
				5BE165AB22AC2DE300B91480 /* CellManager.swift */,
				5B26E4F322AFD0470090EDC0 /* StorageManager.swift */,
			);
			path = Managers;
			sourceTree = "<group>";
		};
		5BE2DFD622AABDB300A73ED5 /* Resources */ = {
			isa = PBXGroup;
			children = (
				5B26E4EF22AFAC140090EDC0 /* Assets.xcassets */,
			);
			path = Resources;
			sourceTree = "<group>";
		};
		5BE5785222A6BEF100779FC8 /* Controller */ = {
			isa = PBXGroup;
			children = (
				5BA0CEA922A96EEC0089E250 /* AboutTableViewController.swift */,
				5BE165A422ABF30B00B91480 /* CategoryTableViewController.swift */,
				5B3F7BB822A56EF90082195F /* MainViewController.swift */,
				5BED08EC22B249BC00741426 /* ProductDetailViewController.swift */,
				5BE8B03822AE563E00709B8C /* ProductViewController.swift */,
			);
			path = Controller;
			sourceTree = "<group>";
		};
		5BE5785322A6BF0A00779FC8 /* App */ = {
			isa = PBXGroup;
			children = (
				5B3F7BB622A56EF90082195F /* AppDelegate.swift */,
				5B3F7BC222A56EFD0082195F /* Info.plist */,
			);
			path = App;
			sourceTree = "<group>";
		};
		5BE5785422A6BF3300779FC8 /* View */ = {
			isa = PBXGroup;
			children = (
				5BE165A822AC236600B91480 /* CategoryTableViewCell.swift */,
				5BED08EE22B26EAA00741426 /* ImagePageControl.swift */,
				5BE5785522A6C4A600779FC8 /* CarouselCollectionView.swift */,
				5BBFFCF222A6C72800D04E57 /* CarouselCollectionViewCell.swift */,
				5BE8B03A22AE598D00709B8C /* ProductCollectionViewCell.swift */,
			);
			path = View;
			sourceTree = "<group>";
		};
		D265045BFED3E0E9948B2455 /* Pods */ = {
			isa = PBXGroup;
			children = (
				866DC3F627D61D120FF79724 /* Pods-RD Application.debug.xcconfig */,
				3AF339D9AD843B398594F46C /* Pods-RD Application.release.xcconfig */,
			);
			path = Pods;
			sourceTree = "<group>";
		};
/* End PBXGroup section */

/* Begin PBXNativeTarget section */
		5B3F7BB222A56EF90082195F /* RD Application */ = {
			isa = PBXNativeTarget;
			buildConfigurationList = 5B3F7BC522A56EFD0082195F /* Build configuration list for PBXNativeTarget "RD Application" */;
			buildPhases = (
				A9AD3DA730BB1CD5087D0910 /* [CP] Check Pods Manifest.lock */,
				5B3F7BAF22A56EF90082195F /* Sources */,
				5B3F7BB022A56EF90082195F /* Frameworks */,
				5B3F7BB122A56EF90082195F /* Resources */,
				AFFDB39FB8FC820A71BD1BDB /* [CP] Embed Pods Frameworks */,
			);
			buildRules = (
			);
			dependencies = (
			);
			name = "RD Application";
			productName = "RD Application";
			productReference = 5B3F7BB322A56EF90082195F /* RD Application.app */;
			productType = "com.apple.product-type.application";
		};
/* End PBXNativeTarget section */

/* Begin PBXProject section */
		5B3F7BAB22A56EF90082195F /* Project object */ = {
			isa = PBXProject;
			attributes = {
				LastSwiftUpdateCheck = 1020;
				LastUpgradeCheck = 1020;
				ORGANIZATIONNAME = "Georgii Kashin";
				TargetAttributes = {
					5B3F7BB222A56EF90082195F = {
						CreatedOnToolsVersion = 10.2.1;
						SystemCapabilities = {
							com.apple.Maps.iOS = {
								enabled = 0;
							};
						};
					};
				};
			};
			buildConfigurationList = 5B3F7BAE22A56EF90082195F /* Build configuration list for PBXProject "RD Application" */;
			compatibilityVersion = "Xcode 9.3";
			developmentRegion = en;
			hasScannedForEncodings = 0;
			knownRegions = (
				en,
				Base,
			);
			mainGroup = 5B3F7BAA22A56EF90082195F;
			productRefGroup = 5B3F7BB422A56EF90082195F /* Products */;
			projectDirPath = "";
			projectRoot = "";
			targets = (
				5B3F7BB222A56EF90082195F /* RD Application */,
			);
		};
/* End PBXProject section */

/* Begin PBXResourcesBuildPhase section */
		5B3F7BB122A56EF90082195F /* Resources */ = {
			isa = PBXResourcesBuildPhase;
			buildActionMask = 2147483647;
			files = (
				5B3F7BC122A56EFD0082195F /* LaunchScreen.storyboard in Resources */,
				5B26E4F022AFAC140090EDC0 /* Assets.xcassets in Resources */,
				5B3F7BBC22A56EF90082195F /* Main.storyboard in Resources */,
			);
			runOnlyForDeploymentPostprocessing = 0;
		};
/* End PBXResourcesBuildPhase section */

/* Begin PBXShellScriptBuildPhase section */
		A9AD3DA730BB1CD5087D0910 /* [CP] Check Pods Manifest.lock */ = {
			isa = PBXShellScriptBuildPhase;
			buildActionMask = 2147483647;
			files = (
			);
			inputFileListPaths = (
			);
			inputPaths = (
				"${PODS_PODFILE_DIR_PATH}/Podfile.lock",
				"${PODS_ROOT}/Manifest.lock",
			);
			name = "[CP] Check Pods Manifest.lock";
			outputFileListPaths = (
			);
			outputPaths = (
				"$(DERIVED_FILE_DIR)/Pods-RD Application-checkManifestLockResult.txt",
			);
			runOnlyForDeploymentPostprocessing = 0;
			shellPath = /bin/sh;
			shellScript = "diff \"${PODS_PODFILE_DIR_PATH}/Podfile.lock\" \"${PODS_ROOT}/Manifest.lock\" > /dev/null\nif [ $? != 0 ] ; then\n    # print error to STDERR\n    echo \"error: The sandbox is not in sync with the Podfile.lock. Run 'pod install' or update your CocoaPods installation.\" >&2\n    exit 1\nfi\n# This output is used by Xcode 'outputs' to avoid re-running this script phase.\necho \"SUCCESS\" > \"${SCRIPT_OUTPUT_FILE_0}\"\n";
			showEnvVarsInLog = 0;
		};
		AFFDB39FB8FC820A71BD1BDB /* [CP] Embed Pods Frameworks */ = {
			isa = PBXShellScriptBuildPhase;
			buildActionMask = 2147483647;
			files = (
			);
			inputFileListPaths = (
			);
			inputPaths = (
				"${PODS_ROOT}/Target Support Files/Pods-RD Application/Pods-RD Application-frameworks.sh",
				"${BUILT_PRODUCTS_DIR}/Realm/Realm.framework",
				"${BUILT_PRODUCTS_DIR}/RealmSwift/RealmSwift.framework",
			);
			name = "[CP] Embed Pods Frameworks";
			outputFileListPaths = (
			);
			outputPaths = (
				"${TARGET_BUILD_DIR}/${FRAMEWORKS_FOLDER_PATH}/Realm.framework",
				"${TARGET_BUILD_DIR}/${FRAMEWORKS_FOLDER_PATH}/RealmSwift.framework",
			);
			runOnlyForDeploymentPostprocessing = 0;
			shellPath = /bin/sh;
			shellScript = "\"${PODS_ROOT}/Target Support Files/Pods-RD Application/Pods-RD Application-frameworks.sh\"\n";
			showEnvVarsInLog = 0;
		};
/* End PBXShellScriptBuildPhase section */

/* Begin PBXSourcesBuildPhase section */
		5B3F7BAF22A56EF90082195F /* Sources */ = {
			isa = PBXSourcesBuildPhase;
			buildActionMask = 2147483647;
			files = (
				5B26E4F422AFD0470090EDC0 /* StorageManager.swift in Sources */,
				5BE8B03922AE563E00709B8C /* ProductViewController.swift in Sources */,
				5BE5785622A6C4A600779FC8 /* CarouselCollectionView.swift in Sources */,
				5BE8B03D22AE5D7A00709B8C /* Product.swift in Sources */,
				5BE8B03B22AE598D00709B8C /* ProductCollectionViewCell.swift in Sources */,
				5BE165A022ABCAC900B91480 /* Constants.swift in Sources */,
				5BA0CEAC22A989160089E250 /* LinksList.swift in Sources */,
				5B3F7BB922A56EF90082195F /* MainViewController.swift in Sources */,
				5BED08EF22B26EAA00741426 /* ImagePageControl.swift in Sources */,
				5B26E4F222AFB2BE0090EDC0 /* SortingVariations.swift in Sources */,
				5BBFFCF522A6D6E200D04E57 /* NewsImage.swift in Sources */,
				5BE165A522ABF30B00B91480 /* CategoryTableViewController.swift in Sources */,
				5BED08ED22B249BC00741426 /* ProductDetailViewController.swift in Sources */,
				5BE165A922AC236600B91480 /* CategoryTableViewCell.swift in Sources */,
				5BE165AC22AC2DE300B91480 /* CellManager.swift in Sources */,
				5B3F7BB722A56EF90082195F /* AppDelegate.swift in Sources */,
				5BE165A722ABF4DB00B91480 /* Category.swift in Sources */,
				5BBFFCF322A6C72800D04E57 /* CarouselCollectionViewCell.swift in Sources */,
				5BA0CEAA22A96EEC0089E250 /* AboutTableViewController.swift in Sources */,
			);
			runOnlyForDeploymentPostprocessing = 0;
		};
/* End PBXSourcesBuildPhase section */

/* Begin PBXVariantGroup section */
		5B3F7BBA22A56EF90082195F /* Main.storyboard */ = {
			isa = PBXVariantGroup;
			children = (
				5B3F7BBB22A56EF90082195F /* Base */,
			);
			name = Main.storyboard;
			sourceTree = "<group>";
		};
		5B3F7BBF22A56EFD0082195F /* LaunchScreen.storyboard */ = {
			isa = PBXVariantGroup;
			children = (
				5B3F7BC022A56EFD0082195F /* Base */,
			);
			name = LaunchScreen.storyboard;
			sourceTree = "<group>";
		};
/* End PBXVariantGroup section */

/* Begin XCBuildConfiguration section */
		5B3F7BC322A56EFD0082195F /* Debug */ = {
			isa = XCBuildConfiguration;
			buildSettings = {
				ALWAYS_SEARCH_USER_PATHS = NO;
				CLANG_ANALYZER_NONNULL = YES;
				CLANG_ANALYZER_NUMBER_OBJECT_CONVERSION = YES_AGGRESSIVE;
				CLANG_CXX_LANGUAGE_STANDARD = "gnu++14";
				CLANG_CXX_LIBRARY = "libc++";
				CLANG_ENABLE_MODULES = YES;
				CLANG_ENABLE_OBJC_ARC = YES;
				CLANG_ENABLE_OBJC_WEAK = YES;
				CLANG_WARN_BLOCK_CAPTURE_AUTORELEASING = YES;
				CLANG_WARN_BOOL_CONVERSION = YES;
				CLANG_WARN_COMMA = YES;
				CLANG_WARN_CONSTANT_CONVERSION = YES;
				CLANG_WARN_DEPRECATED_OBJC_IMPLEMENTATIONS = YES;
				CLANG_WARN_DIRECT_OBJC_ISA_USAGE = YES_ERROR;
				CLANG_WARN_DOCUMENTATION_COMMENTS = YES;
				CLANG_WARN_EMPTY_BODY = YES;
				CLANG_WARN_ENUM_CONVERSION = YES;
				CLANG_WARN_INFINITE_RECURSION = YES;
				CLANG_WARN_INT_CONVERSION = YES;
				CLANG_WARN_NON_LITERAL_NULL_CONVERSION = YES;
				CLANG_WARN_OBJC_IMPLICIT_RETAIN_SELF = YES;
				CLANG_WARN_OBJC_LITERAL_CONVERSION = YES;
				CLANG_WARN_OBJC_ROOT_CLASS = YES_ERROR;
				CLANG_WARN_RANGE_LOOP_ANALYSIS = YES;
				CLANG_WARN_STRICT_PROTOTYPES = YES;
				CLANG_WARN_SUSPICIOUS_MOVE = YES;
				CLANG_WARN_UNGUARDED_AVAILABILITY = YES_AGGRESSIVE;
				CLANG_WARN_UNREACHABLE_CODE = YES;
				CLANG_WARN__DUPLICATE_METHOD_MATCH = YES;
				CODE_SIGN_IDENTITY = "iPhone Developer";
				COPY_PHASE_STRIP = NO;
				DEBUG_INFORMATION_FORMAT = dwarf;
				ENABLE_STRICT_OBJC_MSGSEND = YES;
				ENABLE_TESTABILITY = YES;
				GCC_C_LANGUAGE_STANDARD = gnu11;
				GCC_DYNAMIC_NO_PIC = NO;
				GCC_NO_COMMON_BLOCKS = YES;
				GCC_OPTIMIZATION_LEVEL = 0;
				GCC_PREPROCESSOR_DEFINITIONS = (
					"DEBUG=1",
					"$(inherited)",
				);
				GCC_WARN_64_TO_32_BIT_CONVERSION = YES;
				GCC_WARN_ABOUT_RETURN_TYPE = YES_ERROR;
				GCC_WARN_UNDECLARED_SELECTOR = YES;
				GCC_WARN_UNINITIALIZED_AUTOS = YES_AGGRESSIVE;
				GCC_WARN_UNUSED_FUNCTION = YES;
				GCC_WARN_UNUSED_VARIABLE = YES;
				IPHONEOS_DEPLOYMENT_TARGET = 12.2;
				MTL_ENABLE_DEBUG_INFO = INCLUDE_SOURCE;
				MTL_FAST_MATH = YES;
				ONLY_ACTIVE_ARCH = YES;
				SDKROOT = iphoneos;
				SWIFT_ACTIVE_COMPILATION_CONDITIONS = DEBUG;
				SWIFT_OPTIMIZATION_LEVEL = "-Onone";
			};
			name = Debug;
		};
		5B3F7BC422A56EFD0082195F /* Release */ = {
			isa = XCBuildConfiguration;
			buildSettings = {
				ALWAYS_SEARCH_USER_PATHS = NO;
				CLANG_ANALYZER_NONNULL = YES;
				CLANG_ANALYZER_NUMBER_OBJECT_CONVERSION = YES_AGGRESSIVE;
				CLANG_CXX_LANGUAGE_STANDARD = "gnu++14";
				CLANG_CXX_LIBRARY = "libc++";
				CLANG_ENABLE_MODULES = YES;
				CLANG_ENABLE_OBJC_ARC = YES;
				CLANG_ENABLE_OBJC_WEAK = YES;
				CLANG_WARN_BLOCK_CAPTURE_AUTORELEASING = YES;
				CLANG_WARN_BOOL_CONVERSION = YES;
				CLANG_WARN_COMMA = YES;
				CLANG_WARN_CONSTANT_CONVERSION = YES;
				CLANG_WARN_DEPRECATED_OBJC_IMPLEMENTATIONS = YES;
				CLANG_WARN_DIRECT_OBJC_ISA_USAGE = YES_ERROR;
				CLANG_WARN_DOCUMENTATION_COMMENTS = YES;
				CLANG_WARN_EMPTY_BODY = YES;
				CLANG_WARN_ENUM_CONVERSION = YES;
				CLANG_WARN_INFINITE_RECURSION = YES;
				CLANG_WARN_INT_CONVERSION = YES;
				CLANG_WARN_NON_LITERAL_NULL_CONVERSION = YES;
				CLANG_WARN_OBJC_IMPLICIT_RETAIN_SELF = YES;
				CLANG_WARN_OBJC_LITERAL_CONVERSION = YES;
				CLANG_WARN_OBJC_ROOT_CLASS = YES_ERROR;
				CLANG_WARN_RANGE_LOOP_ANALYSIS = YES;
				CLANG_WARN_STRICT_PROTOTYPES = YES;
				CLANG_WARN_SUSPICIOUS_MOVE = YES;
				CLANG_WARN_UNGUARDED_AVAILABILITY = YES_AGGRESSIVE;
				CLANG_WARN_UNREACHABLE_CODE = YES;
				CLANG_WARN__DUPLICATE_METHOD_MATCH = YES;
				CODE_SIGN_IDENTITY = "iPhone Developer";
				COPY_PHASE_STRIP = NO;
				DEBUG_INFORMATION_FORMAT = "dwarf-with-dsym";
				ENABLE_NS_ASSERTIONS = NO;
				ENABLE_STRICT_OBJC_MSGSEND = YES;
				GCC_C_LANGUAGE_STANDARD = gnu11;
				GCC_NO_COMMON_BLOCKS = YES;
				GCC_WARN_64_TO_32_BIT_CONVERSION = YES;
				GCC_WARN_ABOUT_RETURN_TYPE = YES_ERROR;
				GCC_WARN_UNDECLARED_SELECTOR = YES;
				GCC_WARN_UNINITIALIZED_AUTOS = YES_AGGRESSIVE;
				GCC_WARN_UNUSED_FUNCTION = YES;
				GCC_WARN_UNUSED_VARIABLE = YES;
				IPHONEOS_DEPLOYMENT_TARGET = 12.2;
				MTL_ENABLE_DEBUG_INFO = NO;
				MTL_FAST_MATH = YES;
				SDKROOT = iphoneos;
				SWIFT_COMPILATION_MODE = wholemodule;
				SWIFT_OPTIMIZATION_LEVEL = "-O";
				VALIDATE_PRODUCT = YES;
			};
			name = Release;
		};
		5B3F7BC622A56EFD0082195F /* Debug */ = {
			isa = XCBuildConfiguration;
			baseConfigurationReference = 866DC3F627D61D120FF79724 /* Pods-RD Application.debug.xcconfig */;
			buildSettings = {
				ASSETCATALOG_COMPILER_APPICON_NAME = AppIcon;
				CODE_SIGN_STYLE = Automatic;
				DEVELOPMENT_TEAM = 73A856J95H;
				INFOPLIST_FILE = "$(SRCROOT)/RD Application/App/Info.plist";
				LD_RUNPATH_SEARCH_PATHS = (
					"$(inherited)",
					"@executable_path/Frameworks",
				);
				PRODUCT_BUNDLE_IDENTIFIER = "ru.swiftbook.RD-Application";
				PRODUCT_NAME = "$(TARGET_NAME)";
				SWIFT_VERSION = 5.0;
				TARGETED_DEVICE_FAMILY = "1,2";
			};
			name = Debug;
		};
		5B3F7BC722A56EFD0082195F /* Release */ = {
			isa = XCBuildConfiguration;
			baseConfigurationReference = 3AF339D9AD843B398594F46C /* Pods-RD Application.release.xcconfig */;
			buildSettings = {
				ASSETCATALOG_COMPILER_APPICON_NAME = AppIcon;
				CODE_SIGN_STYLE = Automatic;
				DEVELOPMENT_TEAM = 73A856J95H;
				INFOPLIST_FILE = "$(SRCROOT)/RD Application/App/Info.plist";
				LD_RUNPATH_SEARCH_PATHS = (
					"$(inherited)",
					"@executable_path/Frameworks",
				);
				PRODUCT_BUNDLE_IDENTIFIER = "ru.swiftbook.RD-Application";
				PRODUCT_NAME = "$(TARGET_NAME)";
				SWIFT_VERSION = 5.0;
				TARGETED_DEVICE_FAMILY = "1,2";
			};
			name = Release;
		};
/* End XCBuildConfiguration section */

/* Begin XCConfigurationList section */
		5B3F7BAE22A56EF90082195F /* Build configuration list for PBXProject "RD Application" */ = {
			isa = XCConfigurationList;
			buildConfigurations = (
				5B3F7BC322A56EFD0082195F /* Debug */,
				5B3F7BC422A56EFD0082195F /* Release */,
			);
			defaultConfigurationIsVisible = 0;
			defaultConfigurationName = Release;
		};
		5B3F7BC522A56EFD0082195F /* Build configuration list for PBXNativeTarget "RD Application" */ = {
			isa = XCConfigurationList;
			buildConfigurations = (
				5B3F7BC622A56EFD0082195F /* Debug */,
				5B3F7BC722A56EFD0082195F /* Release */,
			);
			defaultConfigurationIsVisible = 0;
			defaultConfigurationName = Release;
		};
/* End XCConfigurationList section */
	};
	rootObject = 5B3F7BAB22A56EF90082195F /* Project object */;
}
